
Microsoft Visual Studio Solution File, Format Version 12.00
# Visual Studio Version 16
VisualStudioVersion = 16.0.30611.23
MinimumVisualStudioVersion = 10.0.40219.1
Project("{FAE04EC0-301F-11D3-BF4B-00C04F79EFBC}") = "ApplicationSecurityAssignment", "ApplicationSecurityAssignment\ApplicationSecurityAssignment.csproj", "{5609FDF3-9B31-4025-8109-7DB0A8DA2AFE}"
EndProject
Global
	GlobalSection(SolutionConfigurationPlatforms) = preSolution
		Debug|Any CPU = Debug|Any CPU
		Release|Any CPU = Release|Any CPU
	EndGlobalSection
	GlobalSection(ProjectConfigurationPlatforms) = postSolution
		{5609FDF3-9B31-4025-8109-7DB0A8DA2AFE}.Debug|Any CPU.ActiveCfg = Debug|Any CPU
		{5609FDF3-9B31-4025-8109-7DB0A8DA2AFE}.Debug|Any CPU.Build.0 = Debug|Any CPU
		{5609FDF3-9B31-4025-8109-7DB0A8DA2AFE}.Release|Any CPU.ActiveCfg = Release|Any CPU
		{5609FDF3-9B31-4025-8109-7DB0A8DA2AFE}.Release|Any CPU.Build.0 = Release|Any CPU
	EndGlobalSection
	GlobalSection(SolutionProperties) = preSolution
		HideSolutionNode = FALSE
	EndGlobalSection
	GlobalSection(ExtensibilityGlobals) = postSolution
		SolutionGuid = {FBA2C980-D95E-4BFE-BDE0-082A8CA492DC}
	EndGlobalSection
EndGlobal
